
Microsoft Visual Studio Solution File, Format Version 12.00
# Visual Studio Version 16
VisualStudioVersion = 16.0.31515.178
MinimumVisualStudioVersion = 10.0.40219.1
Project("{FAE04EC0-301F-11D3-BF4B-00C04F79EFBC}") = "Prototype", "Prototype\Prototype.csproj", "{55C2E426-C137-4BB5-B65E-F3B196131CDE}"
EndProject
Global
	GlobalSection(SolutionConfigurationPlatforms) = preSolution
		Debug|Any CPU = Debug|Any CPU
		Release|Any CPU = Release|Any CPU
	EndGlobalSection
	GlobalSection(ProjectConfigurationPlatforms) = postSolution
		{55C2E426-C137-4BB5-B65E-F3B196131CDE}.Debug|Any CPU.ActiveCfg = Debug|Any CPU
		{55C2E426-C137-4BB5-B65E-F3B196131CDE}.Debug|Any CPU.Build.0 = Debug|Any CPU
		{55C2E426-C137-4BB5-B65E-F3B196131CDE}.Release|Any CPU.ActiveCfg = Release|Any CPU
		{55C2E426-C137-4BB5-B65E-F3B196131CDE}.Release|Any CPU.Build.0 = Release|Any CPU
	EndGlobalSection
	GlobalSection(SolutionProperties) = preSolution
		HideSolutionNode = FALSE
	EndGlobalSection
	GlobalSection(ExtensibilityGlobals) = postSolution
		SolutionGuid = {F94F530C-1711-4F99-BD1B-89442EE80A0A}
	EndGlobalSection
EndGlobal
